
Microsoft Visual Studio Solution File, Format Version 11.00
# Visual Studio 2010
Project("{FAE04EC0-301F-11D3-BF4B-00C04F79EFBC}") = "LolCatsSite", "LolCatsSite\LolCatsSite.csproj", "{F08CCB43-04FA-4CFC-8C22-46C4FB27700D}"
EndProject
Project("{2150E333-8FDC-42A3-9474-1A3956D46DE8}") = ".nuget", ".nuget", "{493CF614-678C-47FD-B5B1-0EC0973C9695}"
	ProjectSection(SolutionItems) = preProject
		.nuget\packages.config = .nuget\packages.config
	EndProjectSection
EndProject
Global
	GlobalSection(SolutionConfigurationPlatforms) = preSolution
		Debug|Any CPU = Debug|Any CPU
		Debug|Mixed Platforms = Debug|Mixed Platforms
		Debug|x86 = Debug|x86
		Release|Any CPU = Release|Any CPU
		Release|Mixed Platforms = Release|Mixed Platforms
		Release|x86 = Release|x86
	EndGlobalSection
	GlobalSection(ProjectConfigurationPlatforms) = postSolution
		{F08CCB43-04FA-4CFC-8C22-46C4FB27700D}.Debug|Any CPU.ActiveCfg = Debug|Any CPU
		{F08CCB43-04FA-4CFC-8C22-46C4FB27700D}.Debug|Any CPU.Build.0 = Debug|Any CPU
		{F08CCB43-04FA-4CFC-8C22-46C4FB27700D}.Debug|Mixed Platforms.ActiveCfg = Debug|Any CPU
		{F08CCB43-04FA-4CFC-8C22-46C4FB27700D}.Debug|Mixed Platforms.Build.0 = Debug|Any CPU
		{F08CCB43-04FA-4CFC-8C22-46C4FB27700D}.Debug|x86.ActiveCfg = Debug|Any CPU
		{F08CCB43-04FA-4CFC-8C22-46C4FB27700D}.Release|Any CPU.ActiveCfg = Release|Any CPU
		{F08CCB43-04FA-4CFC-8C22-46C4FB27700D}.Release|Any CPU.Build.0 = Release|Any CPU
		{F08CCB43-04FA-4CFC-8C22-46C4FB27700D}.Release|Mixed Platforms.ActiveCfg = Release|Any CPU
		{F08CCB43-04FA-4CFC-8C22-46C4FB27700D}.Release|Mixed Platforms.Build.0 = Release|Any CPU
		{F08CCB43-04FA-4CFC-8C22-46C4FB27700D}.Release|x86.ActiveCfg = Release|Any CPU
	EndGlobalSection
	GlobalSection(SolutionProperties) = preSolution
		HideSolutionNode = FALSE
	EndGlobalSection
EndGlobal
